#
# This file is autogenerated by pip-compile with Python 3.11
# by the following command:
#
#    pip-compile --output-file=requirements.lock requirements.txt
#
annotated-types==0.7.0
    # via pydantic
anyio==4.9.0
    # via
    #   httpx
    #   openai
    #   starlette
certifi==2025.4.26
    # via
    #   httpcore
    #   httpx
    #   requests
charset-normalizer==3.4.2
    # via requests
click==8.2.0
    # via uvicorn
clip @ git+https://github.com/openai/CLIP.git
    # via -r requirements.txt
distro==1.9.0
    # via openai
fastapi==0.115.12
    # via -r requirements.txt
filelock==3.18.0
    # via
    #   huggingface-hub
    #   torch
    #   transformers
fsspec==2025.3.2
    # via
    #   huggingface-hub
    #   torch
ftfy==6.3.1
    # via
    #   -r requirements.txt
    #   clip
grpcio==1.71.0
    # via qdrant-client
h11==0.16.0
    # via
    #   httpcore
    #   uvicorn
h2==4.2.0
    # via httpx
hpack==4.1.0
    # via h2
httpcore==1.0.9
    # via httpx
httpx[http2]==0.28.1
    # via
    #   openai
    #   qdrant-client
huggingface-hub==0.31.2
    # via
    #   sentence-transformers
    #   tokenizers
    #   transformers
hyperframe==6.1.0
    # via h2
idna==3.10
    # via
    #   anyio
    #   httpx
    #   requests
jinja2==3.1.6
    # via torch
jiter==0.9.0
    # via openai
joblib==1.5.0
    # via scikit-learn
loguru==0.7.3
    # via -r requirements.txt
markupsafe==3.0.2
    # via jinja2
mpmath==1.3.0
    # via sympy
networkx==3.4.2
    # via torch
numpy==2.2.5
    # via
    #   -r requirements.txt
    #   pandas
    #   qdrant-client
    #   scikit-learn
    #   scipy
    #   torchvision
    #   transformers
openai==1.78.1
    # via -r requirements.txt
packaging==25.0
    # via
    #   clip
    #   huggingface-hub
    #   transformers
pandas==2.2.3
    # via -r requirements.txt
pillow==11.2.1
    # via
    #   sentence-transformers
    #   torchvision
portalocker==2.10.1
    # via qdrant-client
protobuf==6.31.0
    # via qdrant-client
pydantic==2.11.4
    # via
    #   -r requirements.txt
    #   fastapi
    #   openai
    #   qdrant-client
pydantic-core==2.33.2
    # via pydantic
python-dateutil==2.9.0.post0
    # via pandas
python-dotenv==1.1.0
    # via -r requirements.txt
pytz==2025.2
    # via pandas
pyyaml==6.0.2
    # via
    #   huggingface-hub
    #   transformers
qdrant-client==1.14.2
    # via -r requirements.txt
redis==6.1.0
    # via -r requirements.txt
regex==2024.11.6
    # via
    #   clip
    #   transformers
requests==2.32.3
    # via
    #   huggingface-hub
    #   transformers
safetensors==0.5.3
    # via transformers
scikit-learn==1.6.1
    # via sentence-transformers
scipy==1.15.3
    # via
    #   scikit-learn
    #   sentence-transformers
sentence-transformers==4.1.0
    # via -r requirements.txt
six==1.17.0
    # via python-dateutil
sniffio==1.3.1
    # via
    #   anyio
    #   openai
starlette==0.46.2
    # via fastapi
sympy==1.14.0
    # via torch
threadpoolctl==3.6.0
    # via scikit-learn
tokenizers==0.21.1
    # via transformers
torch==2.7.0
    # via
    #   clip
    #   sentence-transformers
    #   torchvision
torchvision==0.22.0
    # via clip
tqdm==4.67.1
    # via
    #   clip
    #   huggingface-hub
    #   openai
    #   sentence-transformers
    #   transformers
transformers==4.51.3
    # via sentence-transformers
typing-extensions==4.13.2
    # via
    #   anyio
    #   fastapi
    #   huggingface-hub
    #   openai
    #   pydantic
    #   pydantic-core
    #   sentence-transformers
    #   torch
    #   typing-inspection
typing-inspection==0.4.0
    # via pydantic
tzdata==2025.2
    # via pandas
urllib3==2.4.0
    # via
    #   qdrant-client
    #   requests
uvicorn==0.34.2
    # via -r requirements.txt
wcwidth==0.2.13
    # via ftfy
